Microsoft Visual Studio Solution File, Format Version 11.00
# Visual Studio 2008

Project("{11F8EA00-F279-991E-D0E4-E742A1644312}") = "Gyroscope Demo", "Assembly-CSharp.csproj", "{86A24585-EE83-A6FC-ED5C-A64F74C3D7C2}"
EndProject
Project("{11F8EA00-F279-991E-D0E4-E742A1644312}") = "Gyroscope Demo", "Assembly-CSharp-Editor.csproj", "{013144EF-1DB6-90FA-AB7E-AD64B8D3D22B}"
EndProject
Project("{11F8EA00-F279-991E-D0E4-E742A1644312}") = "Gyroscope Demo", "Assembly-UnityScript.unityproj", "{1D384011-8675-7232-722E-796814A915E7}"
EndProject
Global
	GlobalSection(SolutionConfigurationPlatforms) = preSolution
		Debug|Any CPU = Debug|Any CPU
		Release|Any CPU = Release|Any CPU
	EndGlobalSection
	GlobalSection(ProjectConfigurationPlatforms) = postSolution
		{86A24585-EE83-A6FC-ED5C-A64F74C3D7C2}.Debug|Any CPU.ActiveCfg = Debug|Any CPU
		{86A24585-EE83-A6FC-ED5C-A64F74C3D7C2}.Debug|Any CPU.Build.0 = Debug|Any CPU
		{86A24585-EE83-A6FC-ED5C-A64F74C3D7C2}.Release|Any CPU.ActiveCfg = Release|Any CPU
		{86A24585-EE83-A6FC-ED5C-A64F74C3D7C2}.Release|Any CPU.Build.0 = Release|Any CPU
		{013144EF-1DB6-90FA-AB7E-AD64B8D3D22B}.Debug|Any CPU.ActiveCfg = Debug|Any CPU
		{013144EF-1DB6-90FA-AB7E-AD64B8D3D22B}.Debug|Any CPU.Build.0 = Debug|Any CPU
		{013144EF-1DB6-90FA-AB7E-AD64B8D3D22B}.Release|Any CPU.ActiveCfg = Release|Any CPU
		{013144EF-1DB6-90FA-AB7E-AD64B8D3D22B}.Release|Any CPU.Build.0 = Release|Any CPU
		{1D384011-8675-7232-722E-796814A915E7}.Debug|Any CPU.ActiveCfg = Debug|Any CPU
		{1D384011-8675-7232-722E-796814A915E7}.Debug|Any CPU.Build.0 = Debug|Any CPU
		{1D384011-8675-7232-722E-796814A915E7}.Release|Any CPU.ActiveCfg = Release|Any CPU
		{1D384011-8675-7232-722E-796814A915E7}.Release|Any CPU.Build.0 = Release|Any CPU
	EndGlobalSection
	GlobalSection(SolutionProperties) = preSolution
		HideSolutionNode = FALSE
	EndGlobalSection
	GlobalSection(MonoDevelopProperties) = preSolution
		StartupItem = Assembly-CSharp.csproj
	EndGlobalSection
EndGlobal
